
Microsoft Visual Studio Solution File, Format Version 12.00
# Visual Studio Version 17
VisualStudioVersion = 17.5.33502.453
MinimumVisualStudioVersion = 10.0.40219.1
Project("{9A19103F-16F7-4668-BE54-9A1E7A4F7556}") = "ArmyExe2", "ArmyExe2\ArmyExe2.csproj", "{78C91092-DF4F-462A-A1E0-2CEB7D4B4B8C}"
EndProject
Project("{FAE04EC0-301F-11D3-BF4B-00C04F79EFBC}") = "ClientArmy", "ClientArmy\ClientArmy.csproj", "{6A856B6D-E2A6-4514-BF3B-1EADB232CB48}"
EndProject
Global
	GlobalSection(SolutionConfigurationPlatforms) = preSolution
		Debug|Any CPU = Debug|Any CPU
		Release|Any CPU = Release|Any CPU
	EndGlobalSection
	GlobalSection(ProjectConfigurationPlatforms) = postSolution
		{78C91092-DF4F-462A-A1E0-2CEB7D4B4B8C}.Debug|Any CPU.ActiveCfg = Debug|Any CPU
		{78C91092-DF4F-462A-A1E0-2CEB7D4B4B8C}.Debug|Any CPU.Build.0 = Debug|Any CPU
		{78C91092-DF4F-462A-A1E0-2CEB7D4B4B8C}.Release|Any CPU.ActiveCfg = Release|Any CPU
		{78C91092-DF4F-462A-A1E0-2CEB7D4B4B8C}.Release|Any CPU.Build.0 = Release|Any CPU
		{6A856B6D-E2A6-4514-BF3B-1EADB232CB48}.Debug|Any CPU.ActiveCfg = Debug|Any CPU
		{6A856B6D-E2A6-4514-BF3B-1EADB232CB48}.Debug|Any CPU.Build.0 = Debug|Any CPU
		{6A856B6D-E2A6-4514-BF3B-1EADB232CB48}.Release|Any CPU.ActiveCfg = Release|Any CPU
		{6A856B6D-E2A6-4514-BF3B-1EADB232CB48}.Release|Any CPU.Build.0 = Release|Any CPU
	EndGlobalSection
	GlobalSection(SolutionProperties) = preSolution
		HideSolutionNode = FALSE
	EndGlobalSection
	GlobalSection(ExtensibilityGlobals) = postSolution
		SolutionGuid = {3B293450-4183-4A00-8600-02C76CD8D3E7}
	EndGlobalSection
EndGlobal
